
Microsoft Visual Studio Solution File, Format Version 12.00
# Visual Studio Version 17
VisualStudioVersion = 17.11.35312.102
MinimumVisualStudioVersion = 10.0.40219.1
Project("{FAE04EC0-301F-11D3-BF4B-00C04F79EFBC}") = "lab04", "lab04\lab04.csproj", "{D548E82D-53EC-48F4-AC74-D281DF909A9B}"
EndProject
Global
	GlobalSection(SolutionConfigurationPlatforms) = preSolution
		Debug|Any CPU = Debug|Any CPU
		Release|Any CPU = Release|Any CPU
	EndGlobalSection
	GlobalSection(ProjectConfigurationPlatforms) = postSolution
		{D548E82D-53EC-48F4-AC74-D281DF909A9B}.Debug|Any CPU.ActiveCfg = Debug|Any CPU
		{D548E82D-53EC-48F4-AC74-D281DF909A9B}.Debug|Any CPU.Build.0 = Debug|Any CPU
		{D548E82D-53EC-48F4-AC74-D281DF909A9B}.Release|Any CPU.ActiveCfg = Release|Any CPU
		{D548E82D-53EC-48F4-AC74-D281DF909A9B}.Release|Any CPU.Build.0 = Release|Any CPU
	EndGlobalSection
	GlobalSection(SolutionProperties) = preSolution
		HideSolutionNode = FALSE
	EndGlobalSection
	GlobalSection(ExtensibilityGlobals) = postSolution
		SolutionGuid = {5089227B-2308-4E64-9C2E-E8032320189F}
	EndGlobalSection
EndGlobal
