
Microsoft Visual Studio Solution File, Format Version 12.00
# Visual Studio Version 17
VisualStudioVersion = 17.11.35327.3
MinimumVisualStudioVersion = 10.0.40219.1
Project("{FAE04EC0-301F-11D3-BF4B-00C04F79EFBC}") = "DSZ", "DSZ\DSZ.csproj", "{5D3203EA-A4CA-4653-BFB3-B44E258AC335}"
EndProject
Project("{FAE04EC0-301F-11D3-BF4B-00C04F79EFBC}") = "Program", "Program\Program.csproj", "{BF78B062-A8DD-41A0-BB79-9E1F0B33EF2A}"
EndProject
Global
	GlobalSection(SolutionConfigurationPlatforms) = preSolution
		Debug|Any CPU = Debug|Any CPU
		Release|Any CPU = Release|Any CPU
	EndGlobalSection
	GlobalSection(ProjectConfigurationPlatforms) = postSolution
		{5D3203EA-A4CA-4653-BFB3-B44E258AC335}.Debug|Any CPU.ActiveCfg = Debug|Any CPU
		{5D3203EA-A4CA-4653-BFB3-B44E258AC335}.Debug|Any CPU.Build.0 = Debug|Any CPU
		{5D3203EA-A4CA-4653-BFB3-B44E258AC335}.Release|Any CPU.ActiveCfg = Release|Any CPU
		{5D3203EA-A4CA-4653-BFB3-B44E258AC335}.Release|Any CPU.Build.0 = Release|Any CPU
		{BF78B062-A8DD-41A0-BB79-9E1F0B33EF2A}.Debug|Any CPU.ActiveCfg = Debug|Any CPU
		{BF78B062-A8DD-41A0-BB79-9E1F0B33EF2A}.Debug|Any CPU.Build.0 = Debug|Any CPU
		{BF78B062-A8DD-41A0-BB79-9E1F0B33EF2A}.Release|Any CPU.ActiveCfg = Release|Any CPU
		{BF78B062-A8DD-41A0-BB79-9E1F0B33EF2A}.Release|Any CPU.Build.0 = Release|Any CPU
	EndGlobalSection
	GlobalSection(SolutionProperties) = preSolution
		HideSolutionNode = FALSE
	EndGlobalSection
	GlobalSection(ExtensibilityGlobals) = postSolution
		SolutionGuid = {0DDA0B18-9665-4F30-BF78-906807DA95CF}
	EndGlobalSection
EndGlobal
