
Microsoft Visual Studio Solution File, Format Version 12.00
# Visual Studio Version 17
VisualStudioVersion = 17.11.35327.3
MinimumVisualStudioVersion = 10.0.40219.1
Project("{FAE04EC0-301F-11D3-BF4B-00C04F79EFBC}") = "test", "test\test.csproj", "{7C149950-1876-453C-8963-7E1F268CA255}"
EndProject
Global
	GlobalSection(SolutionConfigurationPlatforms) = preSolution
		Debug|Any CPU = Debug|Any CPU
		Release|Any CPU = Release|Any CPU
	EndGlobalSection
	GlobalSection(ProjectConfigurationPlatforms) = postSolution
		{7C149950-1876-453C-8963-7E1F268CA255}.Debug|Any CPU.ActiveCfg = Debug|Any CPU
		{7C149950-1876-453C-8963-7E1F268CA255}.Debug|Any CPU.Build.0 = Debug|Any CPU
		{7C149950-1876-453C-8963-7E1F268CA255}.Release|Any CPU.ActiveCfg = Release|Any CPU
		{7C149950-1876-453C-8963-7E1F268CA255}.Release|Any CPU.Build.0 = Release|Any CPU
	EndGlobalSection
	GlobalSection(SolutionProperties) = preSolution
		HideSolutionNode = FALSE
	EndGlobalSection
	GlobalSection(ExtensibilityGlobals) = postSolution
		SolutionGuid = {88AB73FF-C372-457E-9D99-460ED50E3819}
	EndGlobalSection
EndGlobal
