
Microsoft Visual Studio Solution File, Format Version 12.00
# Visual Studio Version 17
VisualStudioVersion = 17.13.35818.85 d17.13
MinimumVisualStudioVersion = 10.0.40219.1
Project("{FAE04EC0-301F-11D3-BF4B-00C04F79EFBC}") = "ApartmentForm", "ApartmentForm\ApartmentForm.csproj", "{F46DFBAD-0746-48F2-9099-75773E5DB81C}"
EndProject
Global
	GlobalSection(SolutionConfigurationPlatforms) = preSolution
		Debug|Any CPU = Debug|Any CPU
		Release|Any CPU = Release|Any CPU
	EndGlobalSection
	GlobalSection(ProjectConfigurationPlatforms) = postSolution
		{F46DFBAD-0746-48F2-9099-75773E5DB81C}.Debug|Any CPU.ActiveCfg = Debug|Any CPU
		{F46DFBAD-0746-48F2-9099-75773E5DB81C}.Debug|Any CPU.Build.0 = Debug|Any CPU
		{F46DFBAD-0746-48F2-9099-75773E5DB81C}.Release|Any CPU.ActiveCfg = Release|Any CPU
		{F46DFBAD-0746-48F2-9099-75773E5DB81C}.Release|Any CPU.Build.0 = Release|Any CPU
	EndGlobalSection
	GlobalSection(SolutionProperties) = preSolution
		HideSolutionNode = FALSE
	EndGlobalSection
	GlobalSection(ExtensibilityGlobals) = postSolution
		SolutionGuid = {1EBA9FF9-9E53-4751-A70B-B1632D578169}
	EndGlobalSection
EndGlobal
