
Microsoft Visual Studio Solution File, Format Version 12.00
# Visual Studio Version 17
VisualStudioVersion = 17.13.35806.99
MinimumVisualStudioVersion = 10.0.40219.1
Project("{FAE04EC0-301F-11D3-BF4B-00C04F79EFBC}") = "Test_DAL", "Test_DAL\Test_DAL.csproj", "{1DB0B616-DC35-4CD3-ABC8-97ED5ADAE05D}"
EndProject
Project("{FAE04EC0-301F-11D3-BF4B-00C04F79EFBC}") = "DAL_MSSQL", "DAL_MSSQL\DAL_MSSQL.csproj", "{9BAF075F-7B44-4CD8-9F3D-BDC96B6D511B}"
EndProject
Global
	GlobalSection(SolutionConfigurationPlatforms) = preSolution
		Debug|Any CPU = Debug|Any CPU
		Release|Any CPU = Release|Any CPU
	EndGlobalSection
	GlobalSection(ProjectConfigurationPlatforms) = postSolution
		{1DB0B616-DC35-4CD3-ABC8-97ED5ADAE05D}.Debug|Any CPU.ActiveCfg = Debug|Any CPU
		{1DB0B616-DC35-4CD3-ABC8-97ED5ADAE05D}.Debug|Any CPU.Build.0 = Debug|Any CPU
		{1DB0B616-DC35-4CD3-ABC8-97ED5ADAE05D}.Release|Any CPU.ActiveCfg = Release|Any CPU
		{1DB0B616-DC35-4CD3-ABC8-97ED5ADAE05D}.Release|Any CPU.Build.0 = Release|Any CPU
		{9BAF075F-7B44-4CD8-9F3D-BDC96B6D511B}.Debug|Any CPU.ActiveCfg = Debug|Any CPU
		{9BAF075F-7B44-4CD8-9F3D-BDC96B6D511B}.Debug|Any CPU.Build.0 = Debug|Any CPU
		{9BAF075F-7B44-4CD8-9F3D-BDC96B6D511B}.Release|Any CPU.ActiveCfg = Release|Any CPU
		{9BAF075F-7B44-4CD8-9F3D-BDC96B6D511B}.Release|Any CPU.Build.0 = Release|Any CPU
	EndGlobalSection
	GlobalSection(SolutionProperties) = preSolution
		HideSolutionNode = FALSE
	EndGlobalSection
	GlobalSection(ExtensibilityGlobals) = postSolution
		SolutionGuid = {EFE7960A-FD6F-49EC-960E-597D77A4E29C}
	EndGlobalSection
EndGlobal
