
Microsoft Visual Studio Solution File, Format Version 12.00
# Visual Studio Version 17
VisualStudioVersion = 17.13.35931.197 d17.13
MinimumVisualStudioVersion = 10.0.40219.1
Project("{FAE04EC0-301F-11D3-BF4B-00C04F79EFBC}") = "ServiceLocator", "ServiceLocator\ServiceLocator.csproj", "{F0FB20B1-7CB4-4BAC-B632-65A1F79FAF65}"
EndProject
Project("{2150E333-8FDC-42A3-9474-1A3956D46DE8}") = "task01", "task01", "{36D591C7-65C7-A0D1-1CBC-10CDE441BDC8}"
EndProject
Project("{2150E333-8FDC-42A3-9474-1A3956D46DE8}") = "task02", "task02", "{2EC7DDF0-BBB9-4329-880F-7956F3BDDD21}"
EndProject
Project("{FAE04EC0-301F-11D3-BF4B-00C04F79EFBC}") = "DAL_LES", "DAL_LES\DAL_LES.csproj", "{902CDCB0-A712-4D6F-9461-B73BD5953E1C}"
EndProject
Project("{FAE04EC0-301F-11D3-BF4B-00C04F79EFBC}") = "Test_DAL_LES", "Test_DAL_LES\Test_DAL_LES.csproj", "{1C4B3AB4-7A1F-4C40-A617-9AC999102A41}"
EndProject
Project("{FAE04EC0-301F-11D3-BF4B-00C04F79EFBC}") = "Test_ServiceLocator", "Test_ServiceLocator\Test_ServiceLocator.csproj", "{99C5719D-6B39-410A-A6F2-99E9C1FB603E}"
EndProject
Project("{2150E333-8FDC-42A3-9474-1A3956D46DE8}") = "task03", "task03", "{F45B26A3-D440-46F4-92E1-8FFEE79A9912}"
EndProject
Project("{FAE04EC0-301F-11D3-BF4B-00C04F79EFBC}") = "Test_SL_LES", "Test_SL_LES\Test_SL_LES.csproj", "{59B41A63-556F-4C9C-9F98-C609098D9290}"
EndProject
Project("{FAE04EC0-301F-11D3-BF4B-00C04F79EFBC}") = "CashCelebrities", "CashCelebrities\CashCelebrities.csproj", "{11E50412-29CE-4928-A02A-484BE628EF57}"
EndProject
Global
	GlobalSection(SolutionConfigurationPlatforms) = preSolution
		Debug|Any CPU = Debug|Any CPU
		Release|Any CPU = Release|Any CPU
	EndGlobalSection
	GlobalSection(ProjectConfigurationPlatforms) = postSolution
		{F0FB20B1-7CB4-4BAC-B632-65A1F79FAF65}.Debug|Any CPU.ActiveCfg = Debug|Any CPU
		{F0FB20B1-7CB4-4BAC-B632-65A1F79FAF65}.Debug|Any CPU.Build.0 = Debug|Any CPU
		{F0FB20B1-7CB4-4BAC-B632-65A1F79FAF65}.Release|Any CPU.ActiveCfg = Release|Any CPU
		{F0FB20B1-7CB4-4BAC-B632-65A1F79FAF65}.Release|Any CPU.Build.0 = Release|Any CPU
		{902CDCB0-A712-4D6F-9461-B73BD5953E1C}.Debug|Any CPU.ActiveCfg = Debug|Any CPU
		{902CDCB0-A712-4D6F-9461-B73BD5953E1C}.Debug|Any CPU.Build.0 = Debug|Any CPU
		{902CDCB0-A712-4D6F-9461-B73BD5953E1C}.Release|Any CPU.ActiveCfg = Release|Any CPU
		{902CDCB0-A712-4D6F-9461-B73BD5953E1C}.Release|Any CPU.Build.0 = Release|Any CPU
		{1C4B3AB4-7A1F-4C40-A617-9AC999102A41}.Debug|Any CPU.ActiveCfg = Debug|Any CPU
		{1C4B3AB4-7A1F-4C40-A617-9AC999102A41}.Debug|Any CPU.Build.0 = Debug|Any CPU
		{1C4B3AB4-7A1F-4C40-A617-9AC999102A41}.Release|Any CPU.ActiveCfg = Release|Any CPU
		{1C4B3AB4-7A1F-4C40-A617-9AC999102A41}.Release|Any CPU.Build.0 = Release|Any CPU
		{99C5719D-6B39-410A-A6F2-99E9C1FB603E}.Debug|Any CPU.ActiveCfg = Debug|Any CPU
		{99C5719D-6B39-410A-A6F2-99E9C1FB603E}.Debug|Any CPU.Build.0 = Debug|Any CPU
		{99C5719D-6B39-410A-A6F2-99E9C1FB603E}.Release|Any CPU.ActiveCfg = Release|Any CPU
		{99C5719D-6B39-410A-A6F2-99E9C1FB603E}.Release|Any CPU.Build.0 = Release|Any CPU
		{59B41A63-556F-4C9C-9F98-C609098D9290}.Debug|Any CPU.ActiveCfg = Debug|Any CPU
		{59B41A63-556F-4C9C-9F98-C609098D9290}.Debug|Any CPU.Build.0 = Debug|Any CPU
		{59B41A63-556F-4C9C-9F98-C609098D9290}.Release|Any CPU.ActiveCfg = Release|Any CPU
		{59B41A63-556F-4C9C-9F98-C609098D9290}.Release|Any CPU.Build.0 = Release|Any CPU
		{11E50412-29CE-4928-A02A-484BE628EF57}.Debug|Any CPU.ActiveCfg = Debug|Any CPU
		{11E50412-29CE-4928-A02A-484BE628EF57}.Debug|Any CPU.Build.0 = Debug|Any CPU
		{11E50412-29CE-4928-A02A-484BE628EF57}.Release|Any CPU.ActiveCfg = Release|Any CPU
		{11E50412-29CE-4928-A02A-484BE628EF57}.Release|Any CPU.Build.0 = Release|Any CPU
	EndGlobalSection
	GlobalSection(SolutionProperties) = preSolution
		HideSolutionNode = FALSE
	EndGlobalSection
	GlobalSection(NestedProjects) = preSolution
		{F0FB20B1-7CB4-4BAC-B632-65A1F79FAF65} = {36D591C7-65C7-A0D1-1CBC-10CDE441BDC8}
		{902CDCB0-A712-4D6F-9461-B73BD5953E1C} = {2EC7DDF0-BBB9-4329-880F-7956F3BDDD21}
		{1C4B3AB4-7A1F-4C40-A617-9AC999102A41} = {2EC7DDF0-BBB9-4329-880F-7956F3BDDD21}
		{99C5719D-6B39-410A-A6F2-99E9C1FB603E} = {36D591C7-65C7-A0D1-1CBC-10CDE441BDC8}
		{59B41A63-556F-4C9C-9F98-C609098D9290} = {F45B26A3-D440-46F4-92E1-8FFEE79A9912}
		{11E50412-29CE-4928-A02A-484BE628EF57} = {F45B26A3-D440-46F4-92E1-8FFEE79A9912}
	EndGlobalSection
	GlobalSection(ExtensibilityGlobals) = postSolution
		SolutionGuid = {3FCC0EF5-99C0-4AE8-9377-3CECD1A9EA68}
	EndGlobalSection
EndGlobal
