
Microsoft Visual Studio Solution File, Format Version 12.00
# Visual Studio Version 17
VisualStudioVersion = 17.13.35919.96
MinimumVisualStudioVersion = 10.0.40219.1
Project("{FAE04EC0-301F-11D3-BF4B-00C04F79EFBC}") = "DAL11", "DAL11\DAL11.csproj", "{82C73627-11AC-426E-A2B6-0B95F55877F5}"
EndProject
Project("{FAE04EC0-301F-11D3-BF4B-00C04F79EFBC}") = "Test_DAL11", "Test_DAL11\Test_DAL11.csproj", "{F2217523-73CD-4F9A-85C4-83FAE380326E}"
EndProject
Project("{FAE04EC0-301F-11D3-BF4B-00C04F79EFBC}") = "DAL11_JSON", "DAL11_JSON\DAL11_JSON.csproj", "{C87984BC-5F17-41E7-A1B7-018F036927E6}"
EndProject
Project("{FAE04EC0-301F-11D3-BF4B-00C04F79EFBC}") = "Test_DAL11_JSON", "Test_DAL11_JSON\Test_DAL11_JSON.csproj", "{4E18615F-6936-46AB-ADAD-D4B4251444BF}"
EndProject
Project("{FAE04EC0-301F-11D3-BF4B-00C04F79EFBC}") = "REPO", "REPO\REPO.csproj", "{84F11AB2-E6AE-4F0A-A4A2-DF0B181BB997}"
EndProject
Project("{FAE04EC0-301F-11D3-BF4B-00C04F79EFBC}") = "DALMSSQLX", "DALMSQLX\DALMSSQLX.csproj", "{D569384D-AD4A-4D0F-B40C-A09B4A41329F}"
EndProject
Project("{FAE04EC0-301F-11D3-BF4B-00C04F79EFBC}") = "Test_DALMSSQLX", "Test_DALMSSQLX\Test_DALMSSQLX.csproj", "{6FEB9108-0D24-4E35-907A-05615306DA9A}"
EndProject
Project("{FAE04EC0-301F-11D3-BF4B-00C04F79EFBC}") = "DALJSONX", "DALJSONX\DALJSONX.csproj", "{2B26765D-4960-4571-9180-DA33DC241978}"
EndProject
Project("{FAE04EC0-301F-11D3-BF4B-00C04F79EFBC}") = "Test_DALJSONX", "Test_DALJSONX\Test_DALJSONX.csproj", "{57543C61-6426-4A73-A43B-4FC36FF7C405}"
EndProject
Project("{FAE04EC0-301F-11D3-BF4B-00C04F79EFBC}") = "Test_XX", "Test_XX\Test_XX.csproj", "{4727F93C-57FF-4817-967C-70A22EAD1C40}"
EndProject
Project("{2150E333-8FDC-42A3-9474-1A3956D46DE8}") = "task02", "task02", "{36D591C7-65C7-A0D1-1CBC-10CDE441BDC8}"
EndProject
Project("{2150E333-8FDC-42A3-9474-1A3956D46DE8}") = "task03", "task03", "{11C3C43A-A817-4FE9-AC08-E6A390A48B00}"
EndProject
Project("{2150E333-8FDC-42A3-9474-1A3956D46DE8}") = "task04", "task04", "{9C647E2F-DC8F-4EE6-B1F4-7C662AFC05F5}"
EndProject
Project("{2150E333-8FDC-42A3-9474-1A3956D46DE8}") = "task01", "task01", "{2F6A23FD-4D92-435C-90C9-D91769AAE61F}"
EndProject
Project("{2150E333-8FDC-42A3-9474-1A3956D46DE8}") = "lab01", "lab01", "{91AFA0CE-C53E-4358-8429-D42BF0131265}"
EndProject
Project("{2150E333-8FDC-42A3-9474-1A3956D46DE8}") = "lab02", "lab02", "{66A04CCD-C1D4-41D6-940E-042E6ABAD560}"
EndProject
Project("{2150E333-8FDC-42A3-9474-1A3956D46DE8}") = "task06", "task06", "{DFE22D20-75C4-4B57-BB48-28725289AFB9}"
EndProject
Project("{FAE04EC0-301F-11D3-BF4B-00C04F79EFBC}") = "GREPO", "GREPO\GREPO.csproj", "{BB9E5E67-ACC3-45CA-BA3B-68D9E7FD2BA8}"
EndProject
Project("{FAE04EC0-301F-11D3-BF4B-00C04F79EFBC}") = "DALMSSQLXG", "DALMSSQLXG\DALMSSQLXG.csproj", "{9CF84279-5B98-4191-9AD1-9AB81CF838D3}"
EndProject
Project("{2150E333-8FDC-42A3-9474-1A3956D46DE8}") = "task07", "task07", "{B3239A3C-447B-4EEA-B1FE-DEE6E8E617DB}"
EndProject
Project("{FAE04EC0-301F-11D3-BF4B-00C04F79EFBC}") = "DALJSONXG", "DALJSONXG\DALJSONXG.csproj", "{F31C85EB-6630-4138-AD1A-7C0C97883DB8}"
EndProject
Project("{2150E333-8FDC-42A3-9474-1A3956D46DE8}") = "task08 (test tasks06_07)", "task08 (test tasks06_07)", "{0F807382-E9D8-484C-B137-BAD7084AA0D4}"
EndProject
Project("{FAE04EC0-301F-11D3-BF4B-00C04F79EFBC}") = "Test_XXG", "Test_XXG\Test_XXG.csproj", "{936D15F3-C839-4E54-8718-6E1B689EF7EA}"
EndProject
Global
	GlobalSection(SolutionConfigurationPlatforms) = preSolution
		Debug|Any CPU = Debug|Any CPU
		Release|Any CPU = Release|Any CPU
	EndGlobalSection
	GlobalSection(ProjectConfigurationPlatforms) = postSolution
		{82C73627-11AC-426E-A2B6-0B95F55877F5}.Debug|Any CPU.ActiveCfg = Debug|Any CPU
		{82C73627-11AC-426E-A2B6-0B95F55877F5}.Debug|Any CPU.Build.0 = Debug|Any CPU
		{82C73627-11AC-426E-A2B6-0B95F55877F5}.Release|Any CPU.ActiveCfg = Release|Any CPU
		{82C73627-11AC-426E-A2B6-0B95F55877F5}.Release|Any CPU.Build.0 = Release|Any CPU
		{F2217523-73CD-4F9A-85C4-83FAE380326E}.Debug|Any CPU.ActiveCfg = Debug|Any CPU
		{F2217523-73CD-4F9A-85C4-83FAE380326E}.Debug|Any CPU.Build.0 = Debug|Any CPU
		{F2217523-73CD-4F9A-85C4-83FAE380326E}.Release|Any CPU.ActiveCfg = Release|Any CPU
		{F2217523-73CD-4F9A-85C4-83FAE380326E}.Release|Any CPU.Build.0 = Release|Any CPU
		{C87984BC-5F17-41E7-A1B7-018F036927E6}.Debug|Any CPU.ActiveCfg = Debug|Any CPU
		{C87984BC-5F17-41E7-A1B7-018F036927E6}.Debug|Any CPU.Build.0 = Debug|Any CPU
		{C87984BC-5F17-41E7-A1B7-018F036927E6}.Release|Any CPU.ActiveCfg = Release|Any CPU
		{C87984BC-5F17-41E7-A1B7-018F036927E6}.Release|Any CPU.Build.0 = Release|Any CPU
		{4E18615F-6936-46AB-ADAD-D4B4251444BF}.Debug|Any CPU.ActiveCfg = Debug|Any CPU
		{4E18615F-6936-46AB-ADAD-D4B4251444BF}.Debug|Any CPU.Build.0 = Debug|Any CPU
		{4E18615F-6936-46AB-ADAD-D4B4251444BF}.Release|Any CPU.ActiveCfg = Release|Any CPU
		{4E18615F-6936-46AB-ADAD-D4B4251444BF}.Release|Any CPU.Build.0 = Release|Any CPU
		{84F11AB2-E6AE-4F0A-A4A2-DF0B181BB997}.Debug|Any CPU.ActiveCfg = Debug|Any CPU
		{84F11AB2-E6AE-4F0A-A4A2-DF0B181BB997}.Debug|Any CPU.Build.0 = Debug|Any CPU
		{84F11AB2-E6AE-4F0A-A4A2-DF0B181BB997}.Release|Any CPU.ActiveCfg = Release|Any CPU
		{84F11AB2-E6AE-4F0A-A4A2-DF0B181BB997}.Release|Any CPU.Build.0 = Release|Any CPU
		{D569384D-AD4A-4D0F-B40C-A09B4A41329F}.Debug|Any CPU.ActiveCfg = Debug|Any CPU
		{D569384D-AD4A-4D0F-B40C-A09B4A41329F}.Debug|Any CPU.Build.0 = Debug|Any CPU
		{D569384D-AD4A-4D0F-B40C-A09B4A41329F}.Release|Any CPU.ActiveCfg = Release|Any CPU
		{D569384D-AD4A-4D0F-B40C-A09B4A41329F}.Release|Any CPU.Build.0 = Release|Any CPU
		{6FEB9108-0D24-4E35-907A-05615306DA9A}.Debug|Any CPU.ActiveCfg = Debug|Any CPU
		{6FEB9108-0D24-4E35-907A-05615306DA9A}.Debug|Any CPU.Build.0 = Debug|Any CPU
		{6FEB9108-0D24-4E35-907A-05615306DA9A}.Release|Any CPU.ActiveCfg = Release|Any CPU
		{6FEB9108-0D24-4E35-907A-05615306DA9A}.Release|Any CPU.Build.0 = Release|Any CPU
		{2B26765D-4960-4571-9180-DA33DC241978}.Debug|Any CPU.ActiveCfg = Debug|Any CPU
		{2B26765D-4960-4571-9180-DA33DC241978}.Debug|Any CPU.Build.0 = Debug|Any CPU
		{2B26765D-4960-4571-9180-DA33DC241978}.Release|Any CPU.ActiveCfg = Release|Any CPU
		{2B26765D-4960-4571-9180-DA33DC241978}.Release|Any CPU.Build.0 = Release|Any CPU
		{57543C61-6426-4A73-A43B-4FC36FF7C405}.Debug|Any CPU.ActiveCfg = Debug|Any CPU
		{57543C61-6426-4A73-A43B-4FC36FF7C405}.Debug|Any CPU.Build.0 = Debug|Any CPU
		{57543C61-6426-4A73-A43B-4FC36FF7C405}.Release|Any CPU.ActiveCfg = Release|Any CPU
		{57543C61-6426-4A73-A43B-4FC36FF7C405}.Release|Any CPU.Build.0 = Release|Any CPU
		{4727F93C-57FF-4817-967C-70A22EAD1C40}.Debug|Any CPU.ActiveCfg = Debug|Any CPU
		{4727F93C-57FF-4817-967C-70A22EAD1C40}.Debug|Any CPU.Build.0 = Debug|Any CPU
		{4727F93C-57FF-4817-967C-70A22EAD1C40}.Release|Any CPU.ActiveCfg = Release|Any CPU
		{4727F93C-57FF-4817-967C-70A22EAD1C40}.Release|Any CPU.Build.0 = Release|Any CPU
		{BB9E5E67-ACC3-45CA-BA3B-68D9E7FD2BA8}.Debug|Any CPU.ActiveCfg = Debug|Any CPU
		{BB9E5E67-ACC3-45CA-BA3B-68D9E7FD2BA8}.Debug|Any CPU.Build.0 = Debug|Any CPU
		{BB9E5E67-ACC3-45CA-BA3B-68D9E7FD2BA8}.Release|Any CPU.ActiveCfg = Release|Any CPU
		{BB9E5E67-ACC3-45CA-BA3B-68D9E7FD2BA8}.Release|Any CPU.Build.0 = Release|Any CPU
		{9CF84279-5B98-4191-9AD1-9AB81CF838D3}.Debug|Any CPU.ActiveCfg = Debug|Any CPU
		{9CF84279-5B98-4191-9AD1-9AB81CF838D3}.Debug|Any CPU.Build.0 = Debug|Any CPU
		{9CF84279-5B98-4191-9AD1-9AB81CF838D3}.Release|Any CPU.ActiveCfg = Release|Any CPU
		{9CF84279-5B98-4191-9AD1-9AB81CF838D3}.Release|Any CPU.Build.0 = Release|Any CPU
		{F31C85EB-6630-4138-AD1A-7C0C97883DB8}.Debug|Any CPU.ActiveCfg = Debug|Any CPU
		{F31C85EB-6630-4138-AD1A-7C0C97883DB8}.Debug|Any CPU.Build.0 = Debug|Any CPU
		{F31C85EB-6630-4138-AD1A-7C0C97883DB8}.Release|Any CPU.ActiveCfg = Release|Any CPU
		{F31C85EB-6630-4138-AD1A-7C0C97883DB8}.Release|Any CPU.Build.0 = Release|Any CPU
		{936D15F3-C839-4E54-8718-6E1B689EF7EA}.Debug|Any CPU.ActiveCfg = Debug|Any CPU
		{936D15F3-C839-4E54-8718-6E1B689EF7EA}.Debug|Any CPU.Build.0 = Debug|Any CPU
		{936D15F3-C839-4E54-8718-6E1B689EF7EA}.Release|Any CPU.ActiveCfg = Release|Any CPU
		{936D15F3-C839-4E54-8718-6E1B689EF7EA}.Release|Any CPU.Build.0 = Release|Any CPU
	EndGlobalSection
	GlobalSection(SolutionProperties) = preSolution
		HideSolutionNode = FALSE
	EndGlobalSection
	GlobalSection(NestedProjects) = preSolution
		{82C73627-11AC-426E-A2B6-0B95F55877F5} = {91AFA0CE-C53E-4358-8429-D42BF0131265}
		{F2217523-73CD-4F9A-85C4-83FAE380326E} = {91AFA0CE-C53E-4358-8429-D42BF0131265}
		{C87984BC-5F17-41E7-A1B7-018F036927E6} = {66A04CCD-C1D4-41D6-940E-042E6ABAD560}
		{4E18615F-6936-46AB-ADAD-D4B4251444BF} = {66A04CCD-C1D4-41D6-940E-042E6ABAD560}
		{84F11AB2-E6AE-4F0A-A4A2-DF0B181BB997} = {2F6A23FD-4D92-435C-90C9-D91769AAE61F}
		{D569384D-AD4A-4D0F-B40C-A09B4A41329F} = {36D591C7-65C7-A0D1-1CBC-10CDE441BDC8}
		{6FEB9108-0D24-4E35-907A-05615306DA9A} = {36D591C7-65C7-A0D1-1CBC-10CDE441BDC8}
		{2B26765D-4960-4571-9180-DA33DC241978} = {11C3C43A-A817-4FE9-AC08-E6A390A48B00}
		{57543C61-6426-4A73-A43B-4FC36FF7C405} = {11C3C43A-A817-4FE9-AC08-E6A390A48B00}
		{4727F93C-57FF-4817-967C-70A22EAD1C40} = {9C647E2F-DC8F-4EE6-B1F4-7C662AFC05F5}
		{BB9E5E67-ACC3-45CA-BA3B-68D9E7FD2BA8} = {DFE22D20-75C4-4B57-BB48-28725289AFB9}
		{9CF84279-5B98-4191-9AD1-9AB81CF838D3} = {DFE22D20-75C4-4B57-BB48-28725289AFB9}
		{F31C85EB-6630-4138-AD1A-7C0C97883DB8} = {B3239A3C-447B-4EEA-B1FE-DEE6E8E617DB}
		{936D15F3-C839-4E54-8718-6E1B689EF7EA} = {0F807382-E9D8-484C-B137-BAD7084AA0D4}
	EndGlobalSection
	GlobalSection(ExtensibilityGlobals) = postSolution
		SolutionGuid = {4BDD6816-CC93-4EE2-9950-EF36A213528A}
	EndGlobalSection
EndGlobal
