
Microsoft Visual Studio Solution File, Format Version 12.00
# Visual Studio Version 17
VisualStudioVersion = 17.11.35327.3
MinimumVisualStudioVersion = 10.0.40219.1
Project("{FAE04EC0-301F-11D3-BF4B-00C04F79EFBC}") = "test", "test\test.csproj", "{3FDEA328-8192-4E00-9FB9-CA526D065D4D}"
EndProject
Project("{FAE04EC0-301F-11D3-BF4B-00C04F79EFBC}") = "classes_lab04", "classes_lab04\classes_lab04.csproj", "{F596E123-5B07-4673-B09C-EFC67554A31F}"
EndProject
Project("{FAE04EC0-301F-11D3-BF4B-00C04F79EFBC}") = "SerializeLib", "SerializeLib\SerializeLib.csproj", "{A1E5B5F5-A52C-4E96-ACC7-5B4973AA8BF5}"
EndProject
Global
	GlobalSection(SolutionConfigurationPlatforms) = preSolution
		Debug|Any CPU = Debug|Any CPU
		Release|Any CPU = Release|Any CPU
	EndGlobalSection
	GlobalSection(ProjectConfigurationPlatforms) = postSolution
		{3FDEA328-8192-4E00-9FB9-CA526D065D4D}.Debug|Any CPU.ActiveCfg = Debug|Any CPU
		{3FDEA328-8192-4E00-9FB9-CA526D065D4D}.Debug|Any CPU.Build.0 = Debug|Any CPU
		{3FDEA328-8192-4E00-9FB9-CA526D065D4D}.Release|Any CPU.ActiveCfg = Release|Any CPU
		{3FDEA328-8192-4E00-9FB9-CA526D065D4D}.Release|Any CPU.Build.0 = Release|Any CPU
		{F596E123-5B07-4673-B09C-EFC67554A31F}.Debug|Any CPU.ActiveCfg = Debug|Any CPU
		{F596E123-5B07-4673-B09C-EFC67554A31F}.Debug|Any CPU.Build.0 = Debug|Any CPU
		{F596E123-5B07-4673-B09C-EFC67554A31F}.Release|Any CPU.ActiveCfg = Release|Any CPU
		{F596E123-5B07-4673-B09C-EFC67554A31F}.Release|Any CPU.Build.0 = Release|Any CPU
		{A1E5B5F5-A52C-4E96-ACC7-5B4973AA8BF5}.Debug|Any CPU.ActiveCfg = Debug|Any CPU
		{A1E5B5F5-A52C-4E96-ACC7-5B4973AA8BF5}.Debug|Any CPU.Build.0 = Debug|Any CPU
		{A1E5B5F5-A52C-4E96-ACC7-5B4973AA8BF5}.Release|Any CPU.ActiveCfg = Release|Any CPU
		{A1E5B5F5-A52C-4E96-ACC7-5B4973AA8BF5}.Release|Any CPU.Build.0 = Release|Any CPU
	EndGlobalSection
	GlobalSection(SolutionProperties) = preSolution
		HideSolutionNode = FALSE
	EndGlobalSection
	GlobalSection(ExtensibilityGlobals) = postSolution
		SolutionGuid = {F256DC42-AFE8-4268-8B45-28C00A24222D}
	EndGlobalSection
EndGlobal
